
Microsoft Visual Studio Solution File, Format Version 12.00
# Visual Studio Version 17
VisualStudioVersion = 17.13.35931.197 d17.13
MinimumVisualStudioVersion = 10.0.40219.1
Project("{FAE04EC0-301F-11D3-BF4B-00C04F79EFBC}") = "Lab1_ServerApp", "Lab1_ServerApp\Lab1_ServerApp.csproj", "{B032CFA2-9F75-4943-93BD-8CBD341C78F4}"
EndProject
Project("{FAE04EC0-301F-11D3-BF4B-00C04F79EFBC}") = "BusinessObjects", "BusinessObjects\BusinessObjects.csproj", "{286DC13C-08F9-4DB0-8788-5370B1D50E24}"
EndProject
Project("{FAE04EC0-301F-11D3-BF4B-00C04F79EFBC}") = "Services", "Services\Services.csproj", "{85CA47E2-AC9D-462F-8076-C3F3B32FCF76}"
EndProject
Project("{FAE04EC0-301F-11D3-BF4B-00C04F79EFBC}") = "DataAccessLayer", "DataAccessLayer\DataAccessLayer.csproj", "{42364FBB-DE3B-459A-BC98-AE205558F371}"
EndProject
Global
	GlobalSection(SolutionConfigurationPlatforms) = preSolution
		Debug|Any CPU = Debug|Any CPU
		Release|Any CPU = Release|Any CPU
	EndGlobalSection
	GlobalSection(ProjectConfigurationPlatforms) = postSolution
		{B032CFA2-9F75-4943-93BD-8CBD341C78F4}.Debug|Any CPU.ActiveCfg = Debug|Any CPU
		{B032CFA2-9F75-4943-93BD-8CBD341C78F4}.Debug|Any CPU.Build.0 = Debug|Any CPU
		{B032CFA2-9F75-4943-93BD-8CBD341C78F4}.Release|Any CPU.ActiveCfg = Release|Any CPU
		{B032CFA2-9F75-4943-93BD-8CBD341C78F4}.Release|Any CPU.Build.0 = Release|Any CPU
		{286DC13C-08F9-4DB0-8788-5370B1D50E24}.Debug|Any CPU.ActiveCfg = Debug|Any CPU
		{286DC13C-08F9-4DB0-8788-5370B1D50E24}.Debug|Any CPU.Build.0 = Debug|Any CPU
		{286DC13C-08F9-4DB0-8788-5370B1D50E24}.Release|Any CPU.ActiveCfg = Release|Any CPU
		{286DC13C-08F9-4DB0-8788-5370B1D50E24}.Release|Any CPU.Build.0 = Release|Any CPU
		{85CA47E2-AC9D-462F-8076-C3F3B32FCF76}.Debug|Any CPU.ActiveCfg = Debug|Any CPU
		{85CA47E2-AC9D-462F-8076-C3F3B32FCF76}.Debug|Any CPU.Build.0 = Debug|Any CPU
		{85CA47E2-AC9D-462F-8076-C3F3B32FCF76}.Release|Any CPU.ActiveCfg = Release|Any CPU
		{85CA47E2-AC9D-462F-8076-C3F3B32FCF76}.Release|Any CPU.Build.0 = Release|Any CPU
		{42364FBB-DE3B-459A-BC98-AE205558F371}.Debug|Any CPU.ActiveCfg = Debug|Any CPU
		{42364FBB-DE3B-459A-BC98-AE205558F371}.Debug|Any CPU.Build.0 = Debug|Any CPU
		{42364FBB-DE3B-459A-BC98-AE205558F371}.Release|Any CPU.ActiveCfg = Release|Any CPU
		{42364FBB-DE3B-459A-BC98-AE205558F371}.Release|Any CPU.Build.0 = Release|Any CPU
	EndGlobalSection
	GlobalSection(SolutionProperties) = preSolution
		HideSolutionNode = FALSE
	EndGlobalSection
	GlobalSection(ExtensibilityGlobals) = postSolution
		SolutionGuid = {9B18DFCF-971A-4E4E-91FC-F65354E50184}
	EndGlobalSection
EndGlobal
